{
  "name": "MMM-Tools",
  "version": "2.1.2",
  "lockfileVersion": 2,
  "requires": true,
  "packages": {
    "": {
      "name": "MMM-Tools",
      "version": "2.1.2",
      "license": "MIT",
      "dependencies": {
        "async": "^3.2.0",
        "detect-rpi": "^1.4.0",
        "systeminformation": "^5.6.7"
      }
    },
    "node_modules/async": {
      "version": "3.2.0",
      "resolved": "https://registry.npmjs.org/async/-/async-3.2.0.tgz",
      "integrity": "sha512-TR2mEZFVOj2pLStYxLht7TyfuRzaydfpxr3k9RpHIzMgw7A64dzsdqCxH1WJyQdoe8T10nDXd9wnEigmiuHIZw=="
    },
    "node_modules/detect-rpi": {
      "version": "1.4.0",
      "resolved": "https://registry.npmjs.org/detect-rpi/-/detect-rpi-1.4.0.tgz",
      "integrity": "sha512-EeAj8C7zCdjzNqJCYEVmKcBvu9DmxJncCOkwvAfa7J4I0ZLRywZ1jSeeqI2Kvx/2Gn2OOa1lSXSigZ4wy4M6Tg=="
    },
    "node_modules/systeminformation": {
      "version": "5.6.7",
      "resolved": "https://registry.npmjs.org/systeminformation/-/systeminformation-5.6.7.tgz",
      "integrity": "sha512-NTgaL6AsRoXKbfZs6t+BkCUwLZjqIiT4IwqGUV2f7PgvDz8359HzOF0xYgDlTHCBR2GeWhFQAfo2wmoYTpz/og==",
      "os": [
        "darwin",
        "linux",
        "win32",
        "freebsd",
        "openbsd",
        "netbsd",
        "sunos"
      ],
      "bin": {
        "systeminformation": "lib/cli.js"
      },
      "engines": {
        "node": ">=4.0.0"
      },
      "funding": {
        "type": "Buy me a coffee",
        "url": "https://www.buymeacoffee.com/systeminfo"
      }
    }
  },
  "dependencies": {
    "async": {
      "version": "3.2.0",
      "resolved": "https://registry.npmjs.org/async/-/async-3.2.0.tgz",
      "integrity": "sha512-TR2mEZFVOj2pLStYxLht7TyfuRzaydfpxr3k9RpHIzMgw7A64dzsdqCxH1WJyQdoe8T10nDXd9wnEigmiuHIZw=="
    },
    "detect-rpi": {
      "version": "1.4.0",
      "resolved": "https://registry.npmjs.org/detect-rpi/-/detect-rpi-1.4.0.tgz",
      "integrity": "sha512-EeAj8C7zCdjzNqJCYEVmKcBvu9DmxJncCOkwvAfa7J4I0ZLRywZ1jSeeqI2Kvx/2Gn2OOa1lSXSigZ4wy4M6Tg=="
    },
    "systeminformation": {
      "version": "5.6.7",
      "resolved": "https://registry.npmjs.org/systeminformation/-/systeminformation-5.6.7.tgz",
      "integrity": "sha512-NTgaL6AsRoXKbfZs6t+BkCUwLZjqIiT4IwqGUV2f7PgvDz8359HzOF0xYgDlTHCBR2GeWhFQAfo2wmoYTpz/og=="
    }
  }
}
